
Microsoft Visual Studio Solution File, Format Version 12.00
# Visual Studio Version 16
VisualStudioVersion = 16.0.29215.179
MinimumVisualStudioVersion = 10.0.40219.1
Project("{9A19103F-16F7-4668-BE54-9A1E7A4F7556}") = "PostgRest.Net", "postgrest.net\PostgRest.Net.csproj", "{69E4B0B4-FD3B-4377-B63D-D38A27DF1579}"
EndProject
Project("{2150E333-8FDC-42A3-9474-1A3956D46DE8}") = "Examples", "Examples", "{36811115-6868-4359-A568-8D3318D4676C}"
EndProject
Project("{2150E333-8FDC-42A3-9474-1A3956D46DE8}") = "Quickstart", "Quickstart", "{2F37A211-7D51-4E45-93B8-D0FFEDC9161C}"
EndProject
Project("{9A19103F-16F7-4668-BE54-9A1E7A4F7556}") = "ValuesController", "Examples\Quickstart\ValuesController\ValuesController.csproj", "{F0697B06-E602-4942-ADBE-813D0A2EB36E}"
EndProject
Project("{9A19103F-16F7-4668-BE54-9A1E7A4F7556}") = "ValuesControllerTests", "Examples\Quickstart\ValuesControllerTests\ValuesControllerTests.csproj", "{85E0EC0A-4607-4CA4-A0AE-B0860FD6D116}"
EndProject
Project("{2150E333-8FDC-42A3-9474-1A3956D46DE8}") = "Tests", "Tests", "{6B78643D-2999-4282-B8E9-7FF6382A94EC}"
EndProject
Project("{9A19103F-16F7-4668-BE54-9A1E7A4F7556}") = "PostgRest.net.Tests", "Tests\PostgRest.net.Tests\PostgRest.net.Tests.csproj", "{BEC7A146-D719-4DC1-853F-183213524C4E}"
EndProject
Project("{9A19103F-16F7-4668-BE54-9A1E7A4F7556}") = "PostgTest.Net.XUnit.Tests", "Tests\PostgTest.Net.XUnit.Tests\PostgTest.Net.XUnit.Tests.csproj", "{A7CC45C4-74F7-417F-8BD4-1D2810AB7ED2}"
EndProject
Project("{9A19103F-16F7-4668-BE54-9A1E7A4F7556}") = "PostgTest.Net.MSTest.Tests", "Tests\PostgTest.Net.MSTest.Tests\PostgTest.Net.MSTest.Tests.csproj", "{572F4F6F-BF96-45D3-91BC-EDA92527AF11}"
EndProject
Project("{2150E333-8FDC-42A3-9474-1A3956D46DE8}") = "PostgTest.Net", "PostgTest.Net", "{52840A1B-131E-48AC-BA55-DA2640437A1D}"
	ProjectSection(SolutionItems) = preProject
		PostgTest.Net\README.md = PostgTest.Net\README.md
	EndProjectSection
EndProject
Project("{9A19103F-16F7-4668-BE54-9A1E7A4F7556}") = "PostgTest.Net", "PostgTest.Net\PostgTest.Net\PostgTest.Net.csproj", "{60544D78-463F-40DB-872E-684FE97C2EB0}"
EndProject
Project("{9A19103F-16F7-4668-BE54-9A1E7A4F7556}") = "PostgTest.Net.MSTest", "PostgTest.Net\PostgTest.Net.MSTest\PostgTest.Net.MSTest.csproj", "{10F5644A-1742-4EC0-891A-F41906C05CA7}"
EndProject
Project("{2150E333-8FDC-42A3-9474-1A3956D46DE8}") = "PostgRest.Net", "PostgRest.Net", "{9C79A235-D8A6-4E0A-913B-AC3F8C0FF16D}"
	ProjectSection(SolutionItems) = preProject
		README.md = README.md
	EndProjectSection
EndProject
Project("{2150E333-8FDC-42A3-9474-1A3956D46DE8}") = "PostgExecute.Net", "PostgExecute.Net", "{6F8E9BCE-34D7-4517-BC7E-D9D2BFE756CC}"
	ProjectSection(SolutionItems) = preProject
		PostgTest.Net\README.md = PostgTest.Net\README.md
	EndProjectSection
EndProject
Project("{9A19103F-16F7-4668-BE54-9A1E7A4F7556}") = "PostgExecute.Net", "PostgExecute.Net\PostgExecute.Net.csproj", "{4AC019B8-81BC-4B65-BE42-E33A5F9DCB41}"
EndProject
Project("{FAE04EC0-301F-11D3-BF4B-00C04F79EFBC}") = "PostgExecute.Net.Tests", "Tests\PostgExecute.Net.Tests\PostgExecute.Net.Tests.csproj", "{7AF201B6-DE15-4A2C-B29C-8FD6038AA4F3}"
EndProject
Global
	GlobalSection(SolutionConfigurationPlatforms) = preSolution
		Debug|Any CPU = Debug|Any CPU
		Release|Any CPU = Release|Any CPU
	EndGlobalSection
	GlobalSection(ProjectConfigurationPlatforms) = postSolution
		{69E4B0B4-FD3B-4377-B63D-D38A27DF1579}.Debug|Any CPU.ActiveCfg = Debug|Any CPU
		{69E4B0B4-FD3B-4377-B63D-D38A27DF1579}.Debug|Any CPU.Build.0 = Debug|Any CPU
		{69E4B0B4-FD3B-4377-B63D-D38A27DF1579}.Release|Any CPU.ActiveCfg = Release|Any CPU
		{69E4B0B4-FD3B-4377-B63D-D38A27DF1579}.Release|Any CPU.Build.0 = Release|Any CPU
		{F0697B06-E602-4942-ADBE-813D0A2EB36E}.Debug|Any CPU.ActiveCfg = Debug|Any CPU
		{F0697B06-E602-4942-ADBE-813D0A2EB36E}.Debug|Any CPU.Build.0 = Debug|Any CPU
		{F0697B06-E602-4942-ADBE-813D0A2EB36E}.Release|Any CPU.ActiveCfg = Release|Any CPU
		{F0697B06-E602-4942-ADBE-813D0A2EB36E}.Release|Any CPU.Build.0 = Release|Any CPU
		{85E0EC0A-4607-4CA4-A0AE-B0860FD6D116}.Debug|Any CPU.ActiveCfg = Debug|Any CPU
		{85E0EC0A-4607-4CA4-A0AE-B0860FD6D116}.Debug|Any CPU.Build.0 = Debug|Any CPU
		{85E0EC0A-4607-4CA4-A0AE-B0860FD6D116}.Release|Any CPU.ActiveCfg = Release|Any CPU
		{85E0EC0A-4607-4CA4-A0AE-B0860FD6D116}.Release|Any CPU.Build.0 = Release|Any CPU
		{BEC7A146-D719-4DC1-853F-183213524C4E}.Debug|Any CPU.ActiveCfg = Debug|Any CPU
		{BEC7A146-D719-4DC1-853F-183213524C4E}.Debug|Any CPU.Build.0 = Debug|Any CPU
		{BEC7A146-D719-4DC1-853F-183213524C4E}.Release|Any CPU.ActiveCfg = Release|Any CPU
		{BEC7A146-D719-4DC1-853F-183213524C4E}.Release|Any CPU.Build.0 = Release|Any CPU
		{A7CC45C4-74F7-417F-8BD4-1D2810AB7ED2}.Debug|Any CPU.ActiveCfg = Debug|Any CPU
		{A7CC45C4-74F7-417F-8BD4-1D2810AB7ED2}.Debug|Any CPU.Build.0 = Debug|Any CPU
		{A7CC45C4-74F7-417F-8BD4-1D2810AB7ED2}.Release|Any CPU.ActiveCfg = Release|Any CPU
		{A7CC45C4-74F7-417F-8BD4-1D2810AB7ED2}.Release|Any CPU.Build.0 = Release|Any CPU
		{572F4F6F-BF96-45D3-91BC-EDA92527AF11}.Debug|Any CPU.ActiveCfg = Debug|Any CPU
		{572F4F6F-BF96-45D3-91BC-EDA92527AF11}.Debug|Any CPU.Build.0 = Debug|Any CPU
		{572F4F6F-BF96-45D3-91BC-EDA92527AF11}.Release|Any CPU.ActiveCfg = Release|Any CPU
		{572F4F6F-BF96-45D3-91BC-EDA92527AF11}.Release|Any CPU.Build.0 = Release|Any CPU
		{60544D78-463F-40DB-872E-684FE97C2EB0}.Debug|Any CPU.ActiveCfg = Debug|Any CPU
		{60544D78-463F-40DB-872E-684FE97C2EB0}.Debug|Any CPU.Build.0 = Debug|Any CPU
		{60544D78-463F-40DB-872E-684FE97C2EB0}.Release|Any CPU.ActiveCfg = Release|Any CPU
		{60544D78-463F-40DB-872E-684FE97C2EB0}.Release|Any CPU.Build.0 = Release|Any CPU
		{10F5644A-1742-4EC0-891A-F41906C05CA7}.Debug|Any CPU.ActiveCfg = Debug|Any CPU
		{10F5644A-1742-4EC0-891A-F41906C05CA7}.Debug|Any CPU.Build.0 = Debug|Any CPU
		{10F5644A-1742-4EC0-891A-F41906C05CA7}.Release|Any CPU.ActiveCfg = Release|Any CPU
		{10F5644A-1742-4EC0-891A-F41906C05CA7}.Release|Any CPU.Build.0 = Release|Any CPU
		{4AC019B8-81BC-4B65-BE42-E33A5F9DCB41}.Debug|Any CPU.ActiveCfg = Debug|Any CPU
		{4AC019B8-81BC-4B65-BE42-E33A5F9DCB41}.Debug|Any CPU.Build.0 = Debug|Any CPU
		{4AC019B8-81BC-4B65-BE42-E33A5F9DCB41}.Release|Any CPU.ActiveCfg = Release|Any CPU
		{4AC019B8-81BC-4B65-BE42-E33A5F9DCB41}.Release|Any CPU.Build.0 = Release|Any CPU
		{7AF201B6-DE15-4A2C-B29C-8FD6038AA4F3}.Debug|Any CPU.ActiveCfg = Debug|Any CPU
		{7AF201B6-DE15-4A2C-B29C-8FD6038AA4F3}.Debug|Any CPU.Build.0 = Debug|Any CPU
		{7AF201B6-DE15-4A2C-B29C-8FD6038AA4F3}.Release|Any CPU.ActiveCfg = Release|Any CPU
		{7AF201B6-DE15-4A2C-B29C-8FD6038AA4F3}.Release|Any CPU.Build.0 = Release|Any CPU
	EndGlobalSection
	GlobalSection(SolutionProperties) = preSolution
		HideSolutionNode = FALSE
	EndGlobalSection
	GlobalSection(NestedProjects) = preSolution
		{69E4B0B4-FD3B-4377-B63D-D38A27DF1579} = {9C79A235-D8A6-4E0A-913B-AC3F8C0FF16D}
		{2F37A211-7D51-4E45-93B8-D0FFEDC9161C} = {36811115-6868-4359-A568-8D3318D4676C}
		{F0697B06-E602-4942-ADBE-813D0A2EB36E} = {2F37A211-7D51-4E45-93B8-D0FFEDC9161C}
		{85E0EC0A-4607-4CA4-A0AE-B0860FD6D116} = {2F37A211-7D51-4E45-93B8-D0FFEDC9161C}
		{BEC7A146-D719-4DC1-853F-183213524C4E} = {6B78643D-2999-4282-B8E9-7FF6382A94EC}
		{A7CC45C4-74F7-417F-8BD4-1D2810AB7ED2} = {6B78643D-2999-4282-B8E9-7FF6382A94EC}
		{572F4F6F-BF96-45D3-91BC-EDA92527AF11} = {6B78643D-2999-4282-B8E9-7FF6382A94EC}
		{60544D78-463F-40DB-872E-684FE97C2EB0} = {52840A1B-131E-48AC-BA55-DA2640437A1D}
		{10F5644A-1742-4EC0-891A-F41906C05CA7} = {52840A1B-131E-48AC-BA55-DA2640437A1D}
		{4AC019B8-81BC-4B65-BE42-E33A5F9DCB41} = {6F8E9BCE-34D7-4517-BC7E-D9D2BFE756CC}
		{7AF201B6-DE15-4A2C-B29C-8FD6038AA4F3} = {6B78643D-2999-4282-B8E9-7FF6382A94EC}
	EndGlobalSection
	GlobalSection(ExtensibilityGlobals) = postSolution
		SolutionGuid = {146DC1B2-AB57-4008-8C55-B64C0EA89018}
	EndGlobalSection
EndGlobal
