
Microsoft Visual Studio Solution File, Format Version 12.00
# Visual Studio 15
VisualStudioVersion = 15.0.28307.136
MinimumVisualStudioVersion = 10.0.40219.1
Project("{9A19103F-16F7-4668-BE54-9A1E7A4F7556}") = "PostgRest.net", "postgrest.net\PostgRest.net.csproj", "{69E4B0B4-FD3B-4377-B63D-D38A27DF1579}"
EndProject
Project("{FAE04EC0-301F-11D3-BF4B-00C04F79EFBC}") = "SampleRestApp", "SampleRestApp\SampleRestApp.csproj", "{72139DD4-3319-48E8-8478-634666ED5A5C}"
EndProject
Global
	GlobalSection(SolutionConfigurationPlatforms) = preSolution
		Debug|Any CPU = Debug|Any CPU
		Release|Any CPU = Release|Any CPU
	EndGlobalSection
	GlobalSection(ProjectConfigurationPlatforms) = postSolution
		{69E4B0B4-FD3B-4377-B63D-D38A27DF1579}.Debug|Any CPU.ActiveCfg = Debug|Any CPU
		{69E4B0B4-FD3B-4377-B63D-D38A27DF1579}.Debug|Any CPU.Build.0 = Debug|Any CPU
		{69E4B0B4-FD3B-4377-B63D-D38A27DF1579}.Release|Any CPU.ActiveCfg = Release|Any CPU
		{69E4B0B4-FD3B-4377-B63D-D38A27DF1579}.Release|Any CPU.Build.0 = Release|Any CPU
		{72139DD4-3319-48E8-8478-634666ED5A5C}.Debug|Any CPU.ActiveCfg = Debug|Any CPU
		{72139DD4-3319-48E8-8478-634666ED5A5C}.Debug|Any CPU.Build.0 = Debug|Any CPU
		{72139DD4-3319-48E8-8478-634666ED5A5C}.Release|Any CPU.ActiveCfg = Release|Any CPU
		{72139DD4-3319-48E8-8478-634666ED5A5C}.Release|Any CPU.Build.0 = Release|Any CPU
	EndGlobalSection
	GlobalSection(SolutionProperties) = preSolution
		HideSolutionNode = FALSE
	EndGlobalSection
	GlobalSection(ExtensibilityGlobals) = postSolution
		SolutionGuid = {146DC1B2-AB57-4008-8C55-B64C0EA89018}
	EndGlobalSection
EndGlobal
